<?xml version="1.0" encoding="utf-8"?>
<Project ToolsVersion="4.0" xmlns="http://schemas.microsoft.com/developer/msbuild/2003">
  <ItemGroup>
    <ClInclude Include="ProblemControl.h">
      <Filter>Includes</Filter>
    </ClInclude>
    <ClInclude Include="RuntimeControl.h">
      <Filter>Includes</Filter>
    </ClInclude>
    <ClInclude Include="utils\AMDCL2\SDKUtil\BoltAMPUtil.hpp">
      <Filter>utils\amdcl2</Filter>
    </ClInclude>
    <ClInclude Include="utils\AMDCL2\SDKUtil\BoltCLUtil.hpp">
      <Filter>utils\amdcl2</Filter>
    </ClInclude>
    <ClInclude Include="utils\AMDCL2\SDKUtil\CLUtil.hpp">
      <Filter>utils\amdcl2</Filter>
    </ClInclude>
    <ClInclude Include="utils\AMDCL2\SDKUtil\OpenCVUtil.hpp">
      <Filter>utils\amdcl2</Filter>
    </ClInclude>
    <ClInclude Include="utils\AMDCL2\SDKUtil\SDKBitMap.hpp">
      <Filter>utils\amdcl2</Filter>
    </ClInclude>
    <ClInclude Include="utils\AMDCL2\SDKUtil\SDKFile.hpp">
      <Filter>utils\amdcl2</Filter>
    </ClInclude>
    <ClInclude Include="utils\AMDCL2\SDKUtil\SDKThread.hpp">
      <Filter>utils\amdcl2</Filter>
    </ClInclude>
    <ClInclude Include="utils\AMDCL2\SDKUtil\SDKUtil.hpp">
      <Filter>utils\amdcl2</Filter>
    </ClInclude>
    <ClInclude Include="SampleConfig.h">
      <Filter>Samples\Includes</Filter>
    </ClInclude>
    <ClInclude Include="VectorAdd.h">
      <Filter>Samples\Includes</Filter>
    </ClInclude>
    <ClInclude Include="KernelWriterBasic.h">
      <Filter>Includes</Filter>
    </ClInclude>
    <ClInclude Include="KernelWriter.h">
      <Filter>Includes</Filter>
    </ClInclude>
    <ClInclude Include="AutoTuning.h">
      <Filter>Includes</Filter>
    </ClInclude>
    <ClInclude Include="VectorAddKernelWriter.h">
      <Filter>Samples\KernelWriter</Filter>
    </ClInclude>
    <ClInclude Include="utils\glog-0.3.3\glog\log_severity.h">
      <Filter>utils\glog</Filter>
    </ClInclude>
    <ClInclude Include="utils\glog-0.3.3\glog\logging.h">
      <Filter>utils\glog</Filter>
    </ClInclude>
    <ClInclude Include="utils\glog-0.3.3\glog\raw_logging.h">
      <Filter>utils\glog</Filter>
    </ClInclude>
    <ClInclude Include="utils\glog-0.3.3\glog\stl_logging.h">
      <Filter>utils\glog</Filter>
    </ClInclude>
    <ClInclude Include="utils\glog-0.3.3\glog\vlog_is_on.h">
      <Filter>utils\glog</Filter>
    </ClInclude>
    <ClInclude Include="utils\feifei\ff_basic.h">
      <Filter>utils\feifei\include</Filter>
    </ClInclude>
    <ClInclude Include="utils\feifei\ff_cl_helper.h">
      <Filter>utils\feifei\include</Filter>
    </ClInclude>
    <ClInclude Include="utils\feifei\ff_directory.h">
      <Filter>utils\feifei\include</Filter>
    </ClInclude>
    <ClInclude Include="utils\feifei\ff_log.h">
      <Filter>utils\feifei\include</Filter>
    </ClInclude>
    <ClInclude Include="utils\feifei\ff_timer.h">
      <Filter>utils\feifei\include</Filter>
    </ClInclude>
    <ClInclude Include="utils\feifei\ff_utils.h">
      <Filter>utils\feifei\include</Filter>
    </ClInclude>
  </ItemGroup>
  <ItemGroup>
    <ClCompile Include="main.cpp" />
    <ClCompile Include="RuntimeControl.cpp" />
    <ClCompile Include="ProblemControl.cpp" />
    <ClCompile Include="VectorAdd.cpp">
      <Filter>Samples</Filter>
    </ClCompile>
    <ClCompile Include="utils\feifei\ff_log.cpp">
      <Filter>utils\feifei</Filter>
    </ClCompile>
    <ClCompile Include="utils\feifei\ff_directory.cpp">
      <Filter>utils\feifei</Filter>
    </ClCompile>
    <ClCompile Include="utils\feifei\ff_timer.cpp">
      <Filter>utils\feifei</Filter>
    </ClCompile>
  </ItemGroup>
  <ItemGroup>
    <Filter Include="Includes">
      <UniqueIdentifier>{29523e91-5957-45f4-b6c0-2b28ec3df1a1}</UniqueIdentifier>
    </Filter>
    <Filter Include="Samples">
      <UniqueIdentifier>{b317f902-cc3f-4e96-aed3-cba511c680f8}</UniqueIdentifier>
    </Filter>
    <Filter Include="Samples\Includes">
      <UniqueIdentifier>{26985fd0-6812-4e02-8f0d-69df35a966a4}</UniqueIdentifier>
    </Filter>
    <Filter Include="Samples\KernelWriter">
      <UniqueIdentifier>{4b6212e5-44ca-400e-ab19-9bdf56302739}</UniqueIdentifier>
    </Filter>
    <Filter Include="utils">
      <UniqueIdentifier>{2ae1397a-fd8d-410d-966f-187768df57af}</UniqueIdentifier>
    </Filter>
    <Filter Include="utils\amdcl2">
      <UniqueIdentifier>{dd00e094-454f-48db-b608-0b85689807b6}</UniqueIdentifier>
    </Filter>
    <Filter Include="utils\glog">
      <UniqueIdentifier>{9150a5e0-b3b1-4c98-97b0-7421ad082a2a}</UniqueIdentifier>
    </Filter>
    <Filter Include="utils\feifei">
      <UniqueIdentifier>{d43dba27-3137-4209-b9dd-bb5d641f4b73}</UniqueIdentifier>
    </Filter>
    <Filter Include="utils\feifei\include">
      <UniqueIdentifier>{6a879485-a897-430b-ad59-1c73562daa82}</UniqueIdentifier>
    </Filter>
  </ItemGroup>
</Project>